
Microsoft Visual Studio Solution File, Format Version 12.00
# Visual Studio Version 17
VisualStudioVersion = 17.12.35527.113
MinimumVisualStudioVersion = 10.0.40219.1
Project("{2150E333-8FDC-42A3-9474-1A3956D46DE8}") = "src", "src", "{27319C62-C41C-47C8-AE1B-5A708DAC797E}"
EndProject
Project("{2150E333-8FDC-42A3-9474-1A3956D46DE8}") = "tests", "tests", "{2F04E646-EF0F-409B-A83E-158D225434B1}"
EndProject
Project("{2150E333-8FDC-42A3-9474-1A3956D46DE8}") = "LINQ_Methods", "LINQ_Methods", "{68367558-DCB4-4D40-9F38-9B7E4C31903F}"
EndProject
Project("{FAE04EC0-301F-11D3-BF4B-00C04F79EFBC}") = "LINQMethods", "LINQ_Methods\LINQMethods\LINQMethods.csproj", "{3FA90A95-5936-45BE-9C99-49C5AF47BB3D}"
EndProject
Project("{2150E333-8FDC-42A3-9474-1A3956D46DE8}") = "UnitTestingLINQ", "UnitTestingLINQ", "{A34F77DA-A58F-4F4A-B94E-A1AE6B17BFBD}"
EndProject
Project("{FAE04EC0-301F-11D3-BF4B-00C04F79EFBC}") = "UnitTestsLINQ", "UnitTestsLINQ\UnitTestsLINQ.csproj", "{135E9149-09BB-4981-BCE7-63953D340E87}"
EndProject
Project("{2150E333-8FDC-42A3-9474-1A3956D46DE8}") = "Solution Items", "Solution Items", "{0D345F60-9FA3-4E1C-9971-A8CBB9BDC09F}"
	ProjectSection(SolutionItems) = preProject
		.gitignore.txt = .gitignore.txt
	EndProjectSection
EndProject
Project("{2150E333-8FDC-42A3-9474-1A3956D46DE8}") = "ExceptionHandling", "ExceptionHandling", "{DC6FB270-3EEE-4AE8-B30F-CF9C6328D916}"
EndProject
Project("{FAE04EC0-301F-11D3-BF4B-00C04F79EFBC}") = "ExceptionHandling", "ExceptionHandling\ExceptionHandling.csproj", "{294BA09C-B545-4DFC-A84B-CF21317C5EFD}"
EndProject
Project("{2150E333-8FDC-42A3-9474-1A3956D46DE8}") = "ExceptionHandling-Tests", "ExceptionHandling-Tests", "{1E17EF16-6059-46F4-BCEB-764B8605C96C}"
EndProject
Project("{FAE04EC0-301F-11D3-BF4B-00C04F79EFBC}") = "ExceptionHandlingTests", "ExceptionHandlingTests\ExceptionHandlingTests.csproj", "{A396F0C0-E530-47E4-95AF-CDFBCED87D97}"
EndProject
Global
	GlobalSection(SolutionConfigurationPlatforms) = preSolution
		Debug|Any CPU = Debug|Any CPU
		Release|Any CPU = Release|Any CPU
	EndGlobalSection
	GlobalSection(ProjectConfigurationPlatforms) = postSolution
		{3FA90A95-5936-45BE-9C99-49C5AF47BB3D}.Debug|Any CPU.ActiveCfg = Debug|Any CPU
		{3FA90A95-5936-45BE-9C99-49C5AF47BB3D}.Debug|Any CPU.Build.0 = Debug|Any CPU
		{3FA90A95-5936-45BE-9C99-49C5AF47BB3D}.Release|Any CPU.ActiveCfg = Release|Any CPU
		{3FA90A95-5936-45BE-9C99-49C5AF47BB3D}.Release|Any CPU.Build.0 = Release|Any CPU
		{135E9149-09BB-4981-BCE7-63953D340E87}.Debug|Any CPU.ActiveCfg = Debug|Any CPU
		{135E9149-09BB-4981-BCE7-63953D340E87}.Debug|Any CPU.Build.0 = Debug|Any CPU
		{135E9149-09BB-4981-BCE7-63953D340E87}.Release|Any CPU.ActiveCfg = Release|Any CPU
		{135E9149-09BB-4981-BCE7-63953D340E87}.Release|Any CPU.Build.0 = Release|Any CPU
		{294BA09C-B545-4DFC-A84B-CF21317C5EFD}.Debug|Any CPU.ActiveCfg = Debug|Any CPU
		{294BA09C-B545-4DFC-A84B-CF21317C5EFD}.Debug|Any CPU.Build.0 = Debug|Any CPU
		{294BA09C-B545-4DFC-A84B-CF21317C5EFD}.Release|Any CPU.ActiveCfg = Release|Any CPU
		{294BA09C-B545-4DFC-A84B-CF21317C5EFD}.Release|Any CPU.Build.0 = Release|Any CPU
		{A396F0C0-E530-47E4-95AF-CDFBCED87D97}.Debug|Any CPU.ActiveCfg = Debug|Any CPU
		{A396F0C0-E530-47E4-95AF-CDFBCED87D97}.Debug|Any CPU.Build.0 = Debug|Any CPU
		{A396F0C0-E530-47E4-95AF-CDFBCED87D97}.Release|Any CPU.ActiveCfg = Release|Any CPU
		{A396F0C0-E530-47E4-95AF-CDFBCED87D97}.Release|Any CPU.Build.0 = Release|Any CPU
	EndGlobalSection
	GlobalSection(SolutionProperties) = preSolution
		HideSolutionNode = FALSE
	EndGlobalSection
	GlobalSection(NestedProjects) = preSolution
		{68367558-DCB4-4D40-9F38-9B7E4C31903F} = {27319C62-C41C-47C8-AE1B-5A708DAC797E}
		{3FA90A95-5936-45BE-9C99-49C5AF47BB3D} = {68367558-DCB4-4D40-9F38-9B7E4C31903F}
		{A34F77DA-A58F-4F4A-B94E-A1AE6B17BFBD} = {2F04E646-EF0F-409B-A83E-158D225434B1}
		{135E9149-09BB-4981-BCE7-63953D340E87} = {A34F77DA-A58F-4F4A-B94E-A1AE6B17BFBD}
		{DC6FB270-3EEE-4AE8-B30F-CF9C6328D916} = {27319C62-C41C-47C8-AE1B-5A708DAC797E}
		{294BA09C-B545-4DFC-A84B-CF21317C5EFD} = {DC6FB270-3EEE-4AE8-B30F-CF9C6328D916}
		{1E17EF16-6059-46F4-BCEB-764B8605C96C} = {2F04E646-EF0F-409B-A83E-158D225434B1}
		{A396F0C0-E530-47E4-95AF-CDFBCED87D97} = {1E17EF16-6059-46F4-BCEB-764B8605C96C}
	EndGlobalSection
EndGlobal
